// !$*UTF8*$!
{
	archiveVersion = 1;
	classes = {
	};
	objectVersion = 46;
	objects = {

/* Begin PBXBuildFile section */
		844EA0161C2DAF0F00BB55BB /* main.m in Sources */ = {isa = PBXBuildFile; fileRef = 844EA0151C2DAF0F00BB55BB /* main.m */; };
		844EA0191C2DAF0F00BB55BB /* AppDelegate.m in Sources */ = {isa = PBXBuildFile; fileRef = 844EA0181C2DAF0F00BB55BB /* AppDelegate.m */; };
		844EA01C1C2DAF0F00BB55BB /* GameFoeTwoPlayersViewController.m in Sources */ = {isa = PBXBuildFile; fileRef = 844EA01B1C2DAF0F00BB55BB /* GameFoeTwoPlayersViewController.m */; };
		844EA01F1C2DAF0F00BB55BB /* Main.storyboard in Resources */ = {isa = PBXBuildFile; fileRef = 844EA01D1C2DAF0F00BB55BB /* Main.storyboard */; };
		844EA0221C2DAF0F00BB55BB /* Cities_game.xcdatamodeld in Sources */ = {isa = PBXBuildFile; fileRef = 844EA0201C2DAF0F00BB55BB /* Cities_game.xcdatamodeld */; };
		844EA0241C2DAF0F00BB55BB /* Assets.xcassets in Resources */ = {isa = PBXBuildFile; fileRef = 844EA0231C2DAF0F00BB55BB /* Assets.xcassets */; };
		844EA0271C2DAF0F00BB55BB /* LaunchScreen.storyboard in Resources */ = {isa = PBXBuildFile; fileRef = 844EA0251C2DAF0F00BB55BB /* LaunchScreen.storyboard */; };
		844EA0321C2DAF0F00BB55BB /* Cities_gameTests.m in Sources */ = {isa = PBXBuildFile; fileRef = 844EA0311C2DAF0F00BB55BB /* Cities_gameTests.m */; };
		844EA03D1C2DAF0F00BB55BB /* Cities_gameUITests.m in Sources */ = {isa = PBXBuildFile; fileRef = 844EA03C1C2DAF0F00BB55BB /* Cities_gameUITests.m */; };
		847ED3F91C2F408A00B7B161 /* RecordsTableViewController.m in Sources */ = {isa = PBXBuildFile; fileRef = 847ED3F81C2F408A00B7B161 /* RecordsTableViewController.m */; };
		84D445251C2F12890052908F /* LogicGame.m in Sources */ = {isa = PBXBuildFile; fileRef = 84D445241C2F12890052908F /* LogicGame.m */; };
		84D445281C2F19DA0052908F /* GameFoeOnePlayerViewController.m in Sources */ = {isa = PBXBuildFile; fileRef = 84D445271C2F19DA0052908F /* GameFoeOnePlayerViewController.m */; };
/* End PBXBuildFile section */

/* Begin PBXContainerItemProxy section */
		844EA02E1C2DAF0F00BB55BB /* PBXContainerItemProxy */ = {
			isa = PBXContainerItemProxy;
			containerPortal = 844EA0091C2DAF0F00BB55BB /* Project object */;
			proxyType = 1;
			remoteGlobalIDString = 844EA0101C2DAF0F00BB55BB;
			remoteInfo = "Cities game";
		};
		844EA0391C2DAF0F00BB55BB /* PBXContainerItemProxy */ = {
			isa = PBXContainerItemProxy;
			containerPortal = 844EA0091C2DAF0F00BB55BB /* Project object */;
			proxyType = 1;
			remoteGlobalIDString = 844EA0101C2DAF0F00BB55BB;
			remoteInfo = "Cities game";
		};
/* End PBXContainerItemProxy section */

/* Begin PBXFileReference section */
		844EA0111C2DAF0F00BB55BB /* Cities game.app */ = {isa = PBXFileReference; explicitFileType = wrapper.application; includeInIndex = 0; path = "Cities game.app"; sourceTree = BUILT_PRODUCTS_DIR; };
		844EA0151C2DAF0F00BB55BB /* main.m */ = {isa = PBXFileReference; lastKnownFileType = sourcecode.c.objc; path = main.m; sourceTree = "<group>"; };
		844EA0171C2DAF0F00BB55BB /* AppDelegate.h */ = {isa = PBXFileReference; lastKnownFileType = sourcecode.c.h; path = AppDelegate.h; sourceTree = "<group>"; };
		844EA0181C2DAF0F00BB55BB /* AppDelegate.m */ = {isa = PBXFileReference; lastKnownFileType = sourcecode.c.objc; path = AppDelegate.m; sourceTree = "<group>"; };
		844EA01A1C2DAF0F00BB55BB /* GameFoeTwoPlayersViewController.h */ = {isa = PBXFileReference; lastKnownFileType = sourcecode.c.h; path = GameFoeTwoPlayersViewController.h; sourceTree = "<group>"; };
		844EA01B1C2DAF0F00BB55BB /* GameFoeTwoPlayersViewController.m */ = {isa = PBXFileReference; lastKnownFileType = sourcecode.c.objc; path = GameFoeTwoPlayersViewController.m; sourceTree = "<group>"; };
		844EA01E1C2DAF0F00BB55BB /* Base */ = {isa = PBXFileReference; lastKnownFileType = file.storyboard; name = Base; path = Base.lproj/Main.storyboard; sourceTree = "<group>"; };
		844EA0211C2DAF0F00BB55BB /* Cities_game.xcdatamodel */ = {isa = PBXFileReference; lastKnownFileType = wrapper.xcdatamodel; path = Cities_game.xcdatamodel; sourceTree = "<group>"; };
		844EA0231C2DAF0F00BB55BB /* Assets.xcassets */ = {isa = PBXFileReference; lastKnownFileType = folder.assetcatalog; path = Assets.xcassets; sourceTree = "<group>"; };
		844EA0261C2DAF0F00BB55BB /* Base */ = {isa = PBXFileReference; lastKnownFileType = file.storyboard; name = Base; path = Base.lproj/LaunchScreen.storyboard; sourceTree = "<group>"; };
		844EA0281C2DAF0F00BB55BB /* Info.plist */ = {isa = PBXFileReference; lastKnownFileType = text.plist.xml; path = Info.plist; sourceTree = "<group>"; };
		844EA02D1C2DAF0F00BB55BB /* Cities gameTests.xctest */ = {isa = PBXFileReference; explicitFileType = wrapper.cfbundle; includeInIndex = 0; path = "Cities gameTests.xctest"; sourceTree = BUILT_PRODUCTS_DIR; };
		844EA0311C2DAF0F00BB55BB /* Cities_gameTests.m */ = {isa = PBXFileReference; lastKnownFileType = sourcecode.c.objc; path = Cities_gameTests.m; sourceTree = "<group>"; };
		844EA0331C2DAF0F00BB55BB /* Info.plist */ = {isa = PBXFileReference; lastKnownFileType = text.plist.xml; path = Info.plist; sourceTree = "<group>"; };
		844EA0381C2DAF0F00BB55BB /* Cities gameUITests.xctest */ = {isa = PBXFileReference; explicitFileType = wrapper.cfbundle; includeInIndex = 0; path = "Cities gameUITests.xctest"; sourceTree = BUILT_PRODUCTS_DIR; };
		844EA03C1C2DAF0F00BB55BB /* Cities_gameUITests.m */ = {isa = PBXFileReference; lastKnownFileType = sourcecode.c.objc; path = Cities_gameUITests.m; sourceTree = "<group>"; };
		844EA03E1C2DAF0F00BB55BB /* Info.plist */ = {isa = PBXFileReference; lastKnownFileType = text.plist.xml; path = Info.plist; sourceTree = "<group>"; };
		847ED3F71C2F408A00B7B161 /* RecordsTableViewController.h */ = {isa = PBXFileReference; fileEncoding = 4; lastKnownFileType = sourcecode.c.h; path = RecordsTableViewController.h; sourceTree = "<group>"; };
		847ED3F81C2F408A00B7B161 /* RecordsTableViewController.m */ = {isa = PBXFileReference; fileEncoding = 4; lastKnownFileType = sourcecode.c.objc; path = RecordsTableViewController.m; sourceTree = "<group>"; };
		84D445231C2F12890052908F /* LogicGame.h */ = {isa = PBXFileReference; fileEncoding = 4; lastKnownFileType = sourcecode.c.h; path = LogicGame.h; sourceTree = "<group>"; };
		84D445241C2F12890052908F /* LogicGame.m */ = {isa = PBXFileReference; fileEncoding = 4; lastKnownFileType = sourcecode.c.objc; path = LogicGame.m; sourceTree = "<group>"; };
		84D445261C2F19DA0052908F /* GameFoeOnePlayerViewController.h */ = {isa = PBXFileReference; fileEncoding = 4; lastKnownFileType = sourcecode.c.h; path = GameFoeOnePlayerViewController.h; sourceTree = "<group>"; };
		84D445271C2F19DA0052908F /* GameFoeOnePlayerViewController.m */ = {isa = PBXFileReference; fileEncoding = 4; lastKnownFileType = sourcecode.c.objc; path = GameFoeOnePlayerViewController.m; sourceTree = "<group>"; };
/* End PBXFileReference section */

/* Begin PBXFrameworksBuildPhase section */
		844EA00E1C2DAF0F00BB55BB /* Frameworks */ = {
			isa = PBXFrameworksBuildPhase;
			buildActionMask = 2147483647;
			files = (
			);
			runOnlyForDeploymentPostprocessing = 0;
		};
		844EA02A1C2DAF0F00BB55BB /* Frameworks */ = {
			isa = PBXFrameworksBuildPhase;
			buildActionMask = 2147483647;
			files = (
			);
			runOnlyForDeploymentPostprocessing = 0;
		};
		844EA0351C2DAF0F00BB55BB /* Frameworks */ = {
			isa = PBXFrameworksBuildPhase;
			buildActionMask = 2147483647;
			files = (
			);
			runOnlyForDeploymentPostprocessing = 0;
		};
/* End PBXFrameworksBuildPhase section */

/* Begin PBXGroup section */
		844EA0081C2DAF0F00BB55BB = {
			isa = PBXGroup;
			children = (
				844EA0131C2DAF0F00BB55BB /* Cities game */,
				844EA0301C2DAF0F00BB55BB /* Cities gameTests */,
				844EA03B1C2DAF0F00BB55BB /* Cities gameUITests */,
				844EA0121C2DAF0F00BB55BB /* Products */,
			);
			sourceTree = "<group>";
		};
		844EA0121C2DAF0F00BB55BB /* Products */ = {
			isa = PBXGroup;
			children = (
				844EA0111C2DAF0F00BB55BB /* Cities game.app */,
				844EA02D1C2DAF0F00BB55BB /* Cities gameTests.xctest */,
				844EA0381C2DAF0F00BB55BB /* Cities gameUITests.xctest */,
			);
			name = Products;
			sourceTree = "<group>";
		};
		844EA0131C2DAF0F00BB55BB /* Cities game */ = {
			isa = PBXGroup;
			children = (
				84D445231C2F12890052908F /* LogicGame.h */,
				84D445241C2F12890052908F /* LogicGame.m */,
				844EA0171C2DAF0F00BB55BB /* AppDelegate.h */,
				844EA0181C2DAF0F00BB55BB /* AppDelegate.m */,
				844EA01A1C2DAF0F00BB55BB /* GameFoeTwoPlayersViewController.h */,
				844EA01B1C2DAF0F00BB55BB /* GameFoeTwoPlayersViewController.m */,
				84D445261C2F19DA0052908F /* GameFoeOnePlayerViewController.h */,
				84D445271C2F19DA0052908F /* GameFoeOnePlayerViewController.m */,
				847ED3F71C2F408A00B7B161 /* RecordsTableViewController.h */,
				847ED3F81C2F408A00B7B161 /* RecordsTableViewController.m */,
				844EA01D1C2DAF0F00BB55BB /* Main.storyboard */,
				844EA0231C2DAF0F00BB55BB /* Assets.xcassets */,
				844EA0251C2DAF0F00BB55BB /* LaunchScreen.storyboard */,
				844EA0281C2DAF0F00BB55BB /* Info.plist */,
				844EA0201C2DAF0F00BB55BB /* Cities_game.xcdatamodeld */,
				844EA0141C2DAF0F00BB55BB /* Supporting Files */,
			);
			path = "Cities game";
			sourceTree = "<group>";
		};
		844EA0141C2DAF0F00BB55BB /* Supporting Files */ = {
			isa = PBXGroup;
			children = (
				844EA0151C2DAF0F00BB55BB /* main.m */,
			);
			name = "Supporting Files";
			sourceTree = "<group>";
		};
		844EA0301C2DAF0F00BB55BB /* Cities gameTests */ = {
			isa = PBXGroup;
			children = (
				844EA0311C2DAF0F00BB55BB /* Cities_gameTests.m */,
				844EA0331C2DAF0F00BB55BB /* Info.plist */,
			);
			path = "Cities gameTests";
			sourceTree = "<group>";
		};
		844EA03B1C2DAF0F00BB55BB /* Cities gameUITests */ = {
			isa = PBXGroup;
			children = (
				844EA03C1C2DAF0F00BB55BB /* Cities_gameUITests.m */,
				844EA03E1C2DAF0F00BB55BB /* Info.plist */,
			);
			path = "Cities gameUITests";
			sourceTree = "<group>";
		};
/* End PBXGroup section */

/* Begin PBXNativeTarget section */
		844EA0101C2DAF0F00BB55BB /* Cities game */ = {
			isa = PBXNativeTarget;
			buildConfigurationList = 844EA0411C2DAF0F00BB55BB /* Build configuration list for PBXNativeTarget "Cities game" */;
			buildPhases = (
				844EA00D1C2DAF0F00BB55BB /* Sources */,
				844EA00E1C2DAF0F00BB55BB /* Frameworks */,
				844EA00F1C2DAF0F00BB55BB /* Resources */,
			);
			buildRules = (
			);
			dependencies = (
			);
			name = "Cities game";
			productName = "Cities game";
			productReference = 844EA0111C2DAF0F00BB55BB /* Cities game.app */;
			productType = "com.apple.product-type.application";
		};
		844EA02C1C2DAF0F00BB55BB /* Cities gameTests */ = {
			isa = PBXNativeTarget;
			buildConfigurationList = 844EA0441C2DAF0F00BB55BB /* Build configuration list for PBXNativeTarget "Cities gameTests" */;
			buildPhases = (
				844EA0291C2DAF0F00BB55BB /* Sources */,
				844EA02A1C2DAF0F00BB55BB /* Frameworks */,
				844EA02B1C2DAF0F00BB55BB /* Resources */,
			);
			buildRules = (
			);
			dependencies = (
				844EA02F1C2DAF0F00BB55BB /* PBXTargetDependency */,
			);
			name = "Cities gameTests";
			productName = "Cities gameTests";
			productReference = 844EA02D1C2DAF0F00BB55BB /* Cities gameTests.xctest */;
			productType = "com.apple.product-type.bundle.unit-test";
		};
		844EA0371C2DAF0F00BB55BB /* Cities gameUITests */ = {
			isa = PBXNativeTarget;
			buildConfigurationList = 844EA0471C2DAF0F00BB55BB /* Build configuration list for PBXNativeTarget "Cities gameUITests" */;
			buildPhases = (
				844EA0341C2DAF0F00BB55BB /* Sources */,
				844EA0351C2DAF0F00BB55BB /* Frameworks */,
				844EA0361C2DAF0F00BB55BB /* Resources */,
			);
			buildRules = (
			);
			dependencies = (
				844EA03A1C2DAF0F00BB55BB /* PBXTargetDependency */,
			);
			name = "Cities gameUITests";
			productName = "Cities gameUITests";
			productReference = 844EA0381C2DAF0F00BB55BB /* Cities gameUITests.xctest */;
			productType = "com.apple.product-type.bundle.ui-testing";
		};
/* End PBXNativeTarget section */

/* Begin PBXProject section */
		844EA0091C2DAF0F00BB55BB /* Project object */ = {
			isa = PBXProject;
			attributes = {
				LastUpgradeCheck = 0720;
				ORGANIZATIONNAME = HY;
				TargetAttributes = {
					844EA0101C2DAF0F00BB55BB = {
						CreatedOnToolsVersion = 7.2;
						DevelopmentTeam = 7VZHFC2543;
					};
					844EA02C1C2DAF0F00BB55BB = {
						CreatedOnToolsVersion = 7.2;
						TestTargetID = 844EA0101C2DAF0F00BB55BB;
					};
					844EA0371C2DAF0F00BB55BB = {
						CreatedOnToolsVersion = 7.2;
						TestTargetID = 844EA0101C2DAF0F00BB55BB;
					};
				};
			};
			buildConfigurationList = 844EA00C1C2DAF0F00BB55BB /* Build configuration list for PBXProject "Cities game" */;
			compatibilityVersion = "Xcode 3.2";
			developmentRegion = English;
			hasScannedForEncodings = 0;
			knownRegions = (
				en,
				Base,
			);
			mainGroup = 844EA0081C2DAF0F00BB55BB;
			productRefGroup = 844EA0121C2DAF0F00BB55BB /* Products */;
			projectDirPath = "";
			projectRoot = "";
			targets = (
				844EA0101C2DAF0F00BB55BB /* Cities game */,
				844EA02C1C2DAF0F00BB55BB /* Cities gameTests */,
				844EA0371C2DAF0F00BB55BB /* Cities gameUITests */,
			);
		};
/* End PBXProject section */

/* Begin PBXResourcesBuildPhase section */
		844EA00F1C2DAF0F00BB55BB /* Resources */ = {
			isa = PBXResourcesBuildPhase;
			buildActionMask = 2147483647;
			files = (
				844EA0271C2DAF0F00BB55BB /* LaunchScreen.storyboard in Resources */,
				844EA0241C2DAF0F00BB55BB /* Assets.xcassets in Resources */,
				844EA01F1C2DAF0F00BB55BB /* Main.storyboard in Resources */,
			);
			runOnlyForDeploymentPostprocessing = 0;
		};
		844EA02B1C2DAF0F00BB55BB /* Resources */ = {
			isa = PBXResourcesBuildPhase;
			buildActionMask = 2147483647;
			files = (
			);
			runOnlyForDeploymentPostprocessing = 0;
		};
		844EA0361C2DAF0F00BB55BB /* Resources */ = {
			isa = PBXResourcesBuildPhase;
			buildActionMask = 2147483647;
			files = (
			);
			runOnlyForDeploymentPostprocessing = 0;
		};
/* End PBXResourcesBuildPhase section */

/* Begin PBXSourcesBuildPhase section */
		844EA00D1C2DAF0F00BB55BB /* Sources */ = {
			isa = PBXSourcesBuildPhase;
			buildActionMask = 2147483647;
			files = (
				84D445281C2F19DA0052908F /* GameFoeOnePlayerViewController.m in Sources */,
				844EA01C1C2DAF0F00BB55BB /* GameFoeTwoPlayersViewController.m in Sources */,
				844EA0191C2DAF0F00BB55BB /* AppDelegate.m in Sources */,
				847ED3F91C2F408A00B7B161 /* RecordsTableViewController.m in Sources */,
				844EA0221C2DAF0F00BB55BB /* Cities_game.xcdatamodeld in Sources */,
				844EA0161C2DAF0F00BB55BB /* main.m in Sources */,
				84D445251C2F12890052908F /* LogicGame.m in Sources */,
			);
			runOnlyForDeploymentPostprocessing = 0;
		};
		844EA0291C2DAF0F00BB55BB /* Sources */ = {
			isa = PBXSourcesBuildPhase;
			buildActionMask = 2147483647;
			files = (
				844EA0321C2DAF0F00BB55BB /* Cities_gameTests.m in Sources */,
			);
			runOnlyForDeploymentPostprocessing = 0;
		};
		844EA0341C2DAF0F00BB55BB /* Sources */ = {
			isa = PBXSourcesBuildPhase;
			buildActionMask = 2147483647;
			files = (
				844EA03D1C2DAF0F00BB55BB /* Cities_gameUITests.m in Sources */,
			);
			runOnlyForDeploymentPostprocessing = 0;
		};
/* End PBXSourcesBuildPhase section */

/* Begin PBXTargetDependency section */
		844EA02F1C2DAF0F00BB55BB /* PBXTargetDependency */ = {
			isa = PBXTargetDependency;
			target = 844EA0101C2DAF0F00BB55BB /* Cities game */;
			targetProxy = 844EA02E1C2DAF0F00BB55BB /* PBXContainerItemProxy */;
		};
		844EA03A1C2DAF0F00BB55BB /* PBXTargetDependency */ = {
			isa = PBXTargetDependency;
			target = 844EA0101C2DAF0F00BB55BB /* Cities game */;
			targetProxy = 844EA0391C2DAF0F00BB55BB /* PBXContainerItemProxy */;
		};
/* End PBXTargetDependency section */

/* Begin PBXVariantGroup section */
		844EA01D1C2DAF0F00BB55BB /* Main.storyboard */ = {
			isa = PBXVariantGroup;
			children = (
				844EA01E1C2DAF0F00BB55BB /* Base */,
			);
			name = Main.storyboard;
			sourceTree = "<group>";
		};
		844EA0251C2DAF0F00BB55BB /* LaunchScreen.storyboard */ = {
			isa = PBXVariantGroup;
			children = (
				844EA0261C2DAF0F00BB55BB /* Base */,
			);
			name = LaunchScreen.storyboard;
			sourceTree = "<group>";
		};
/* End PBXVariantGroup section */

/* Begin XCBuildConfiguration section */
		844EA03F1C2DAF0F00BB55BB /* Debug */ = {
			isa = XCBuildConfiguration;
			buildSettings = {
				ALWAYS_SEARCH_USER_PATHS = NO;
				CLANG_CXX_LANGUAGE_STANDARD = "gnu++0x";
				CLANG_CXX_LIBRARY = "libc++";
				CLANG_ENABLE_MODULES = YES;
				CLANG_ENABLE_OBJC_ARC = YES;
				CLANG_WARN_BOOL_CONVERSION = YES;
				CLANG_WARN_CONSTANT_CONVERSION = YES;
				CLANG_WARN_DIRECT_OBJC_ISA_USAGE = YES_ERROR;
				CLANG_WARN_EMPTY_BODY = YES;
				CLANG_WARN_ENUM_CONVERSION = YES;
				CLANG_WARN_INT_CONVERSION = YES;
				CLANG_WARN_OBJC_ROOT_CLASS = YES_ERROR;
				CLANG_WARN_UNREACHABLE_CODE = YES;
				CLANG_WARN__DUPLICATE_METHOD_MATCH = YES;
				"CODE_SIGN_IDENTITY[sdk=iphoneos*]" = "iPhone Developer";
				COPY_PHASE_STRIP = NO;
				DEBUG_INFORMATION_FORMAT = dwarf;
				ENABLE_STRICT_OBJC_MSGSEND = YES;
				ENABLE_TESTABILITY = YES;
				GCC_C_LANGUAGE_STANDARD = gnu99;
				GCC_DYNAMIC_NO_PIC = NO;
				GCC_NO_COMMON_BLOCKS = YES;
				GCC_OPTIMIZATION_LEVEL = 0;
				GCC_PREPROCESSOR_DEFINITIONS = (
					"DEBUG=1",
					"$(inherited)",
				);
				GCC_WARN_64_TO_32_BIT_CONVERSION = YES;
				GCC_WARN_ABOUT_RETURN_TYPE = YES_ERROR;
				GCC_WARN_UNDECLARED_SELECTOR = YES;
				GCC_WARN_UNINITIALIZED_AUTOS = YES_AGGRESSIVE;
				GCC_WARN_UNUSED_FUNCTION = YES;
				GCC_WARN_UNUSED_VARIABLE = YES;
				IPHONEOS_DEPLOYMENT_TARGET = 9.2;
				MTL_ENABLE_DEBUG_INFO = YES;
				ONLY_ACTIVE_ARCH = YES;
				SDKROOT = iphoneos;
				TARGETED_DEVICE_FAMILY = "1,2";
			};
			name = Debug;
		};
		844EA0401C2DAF0F00BB55BB /* Release */ = {
			isa = XCBuildConfiguration;
			buildSettings = {
				ALWAYS_SEARCH_USER_PATHS = NO;
				CLANG_CXX_LANGUAGE_STANDARD = "gnu++0x";
				CLANG_CXX_LIBRARY = "libc++";
				CLANG_ENABLE_MODULES = YES;
				CLANG_ENABLE_OBJC_ARC = YES;
				CLANG_WARN_BOOL_CONVERSION = YES;
				CLANG_WARN_CONSTANT_CONVERSION = YES;
				CLANG_WARN_DIRECT_OBJC_ISA_USAGE = YES_ERROR;
				CLANG_WARN_EMPTY_BODY = YES;
				CLANG_WARN_ENUM_CONVERSION = YES;
				CLANG_WARN_INT_CONVERSION = YES;
				CLANG_WARN_OBJC_ROOT_CLASS = YES_ERROR;
				CLANG_WARN_UNREACHABLE_CODE = YES;
				CLANG_WARN__DUPLICATE_METHOD_MATCH = YES;
				"CODE_SIGN_IDENTITY[sdk=iphoneos*]" = "iPhone Developer";
				COPY_PHASE_STRIP = NO;
				DEBUG_INFORMATION_FORMAT = "dwarf-with-dsym";
				ENABLE_NS_ASSERTIONS = NO;
				ENABLE_STRICT_OBJC_MSGSEND = YES;
				GCC_C_LANGUAGE_STANDARD = gnu99;
				GCC_NO_COMMON_BLOCKS = YES;
				GCC_WARN_64_TO_32_BIT_CONVERSION = YES;
				GCC_WARN_ABOUT_RETURN_TYPE = YES_ERROR;
				GCC_WARN_UNDECLARED_SELECTOR = YES;
				GCC_WARN_UNINITIALIZED_AUTOS = YES_AGGRESSIVE;
				GCC_WARN_UNUSED_FUNCTION = YES;
				GCC_WARN_UNUSED_VARIABLE = YES;
				IPHONEOS_DEPLOYMENT_TARGET = 9.2;
				MTL_ENABLE_DEBUG_INFO = NO;
				SDKROOT = iphoneos;
				TARGETED_DEVICE_FAMILY = "1,2";
				VALIDATE_PRODUCT = YES;
			};
			name = Release;
		};
		844EA0421C2DAF0F00BB55BB /* Debug */ = {
			isa = XCBuildConfiguration;
			buildSettings = {
				ASSETCATALOG_COMPILER_APPICON_NAME = AppIcon;
				CODE_SIGN_IDENTITY = "iPhone Developer";
				"CODE_SIGN_IDENTITY[sdk=iphoneos*]" = "iPhone Developer";
				INFOPLIST_FILE = "Cities game/Info.plist";
				IPHONEOS_DEPLOYMENT_TARGET = 9.1;
				LD_RUNPATH_SEARCH_PATHS = "$(inherited) @executable_path/Frameworks";
				PRODUCT_BUNDLE_IDENTIFIER = "Cybernik.Cities-game";
				PRODUCT_NAME = "$(TARGET_NAME)";
				PROVISIONING_PROFILE = "";
			};
			name = Debug;
		};
		844EA0431C2DAF0F00BB55BB /* Release */ = {
			isa = XCBuildConfiguration;
			buildSettings = {
				ASSETCATALOG_COMPILER_APPICON_NAME = AppIcon;
				CODE_SIGN_IDENTITY = "iPhone Developer";
				"CODE_SIGN_IDENTITY[sdk=iphoneos*]" = "iPhone Developer";
				INFOPLIST_FILE = "Cities game/Info.plist";
				IPHONEOS_DEPLOYMENT_TARGET = 9.1;
				LD_RUNPATH_SEARCH_PATHS = "$(inherited) @executable_path/Frameworks";
				PRODUCT_BUNDLE_IDENTIFIER = "Cybernik.Cities-game";
				PRODUCT_NAME = "$(TARGET_NAME)";
				PROVISIONING_PROFILE = "";
			};
			name = Release;
		};
		844EA0451C2DAF0F00BB55BB /* Debug */ = {
			isa = XCBuildConfiguration;
			buildSettings = {
				BUNDLE_LOADER = "$(TEST_HOST)";
				INFOPLIST_FILE = "Cities gameTests/Info.plist";
				LD_RUNPATH_SEARCH_PATHS = "$(inherited) @executable_path/Frameworks @loader_path/Frameworks";
				PRODUCT_BUNDLE_IDENTIFIER = "Cybernik.Cities-gameTests";
				PRODUCT_NAME = "$(TARGET_NAME)";
				TEST_HOST = "$(BUILT_PRODUCTS_DIR)/Cities game.app/Cities game";
			};
			name = Debug;
		};
		844EA0461C2DAF0F00BB55BB /* Release */ = {
			isa = XCBuildConfiguration;
			buildSettings = {
				BUNDLE_LOADER = "$(TEST_HOST)";
				INFOPLIST_FILE = "Cities gameTests/Info.plist";
				LD_RUNPATH_SEARCH_PATHS = "$(inherited) @executable_path/Frameworks @loader_path/Frameworks";
				PRODUCT_BUNDLE_IDENTIFIER = "Cybernik.Cities-gameTests";
				PRODUCT_NAME = "$(TARGET_NAME)";
				TEST_HOST = "$(BUILT_PRODUCTS_DIR)/Cities game.app/Cities game";
			};
			name = Release;
		};
		844EA0481C2DAF0F00BB55BB /* Debug */ = {
			isa = XCBuildConfiguration;
			buildSettings = {
				INFOPLIST_FILE = "Cities gameUITests/Info.plist";
				LD_RUNPATH_SEARCH_PATHS = "$(inherited) @executable_path/Frameworks @loader_path/Frameworks";
				PRODUCT_BUNDLE_IDENTIFIER = "Cybernik.Cities-gameUITests";
				PRODUCT_NAME = "$(TARGET_NAME)";
				TEST_TARGET_NAME = "Cities game";
				USES_XCTRUNNER = YES;
			};
			name = Debug;
		};
		844EA0491C2DAF0F00BB55BB /* Release */ = {
			isa = XCBuildConfiguration;
			buildSettings = {
				INFOPLIST_FILE = "Cities gameUITests/Info.plist";
				LD_RUNPATH_SEARCH_PATHS = "$(inherited) @executable_path/Frameworks @loader_path/Frameworks";
				PRODUCT_BUNDLE_IDENTIFIER = "Cybernik.Cities-gameUITests";
				PRODUCT_NAME = "$(TARGET_NAME)";
				TEST_TARGET_NAME = "Cities game";
				USES_XCTRUNNER = YES;
			};
			name = Release;
		};
/* End XCBuildConfiguration section */

/* Begin XCConfigurationList section */
		844EA00C1C2DAF0F00BB55BB /* Build configuration list for PBXProject "Cities game" */ = {
			isa = XCConfigurationList;
			buildConfigurations = (
				844EA03F1C2DAF0F00BB55BB /* Debug */,
				844EA0401C2DAF0F00BB55BB /* Release */,
			);
			defaultConfigurationIsVisible = 0;
			defaultConfigurationName = Release;
		};
		844EA0411C2DAF0F00BB55BB /* Build configuration list for PBXNativeTarget "Cities game" */ = {
			isa = XCConfigurationList;
			buildConfigurations = (
				844EA0421C2DAF0F00BB55BB /* Debug */,
				844EA0431C2DAF0F00BB55BB /* Release */,
			);
			defaultConfigurationIsVisible = 0;
			defaultConfigurationName = Release;
		};
		844EA0441C2DAF0F00BB55BB /* Build configuration list for PBXNativeTarget "Cities gameTests" */ = {
			isa = XCConfigurationList;
			buildConfigurations = (
				844EA0451C2DAF0F00BB55BB /* Debug */,
				844EA0461C2DAF0F00BB55BB /* Release */,
			);
			defaultConfigurationIsVisible = 0;
			defaultConfigurationName = Release;
		};
		844EA0471C2DAF0F00BB55BB /* Build configuration list for PBXNativeTarget "Cities gameUITests" */ = {
			isa = XCConfigurationList;
			buildConfigurations = (
				844EA0481C2DAF0F00BB55BB /* Debug */,
				844EA0491C2DAF0F00BB55BB /* Release */,
			);
			defaultConfigurationIsVisible = 0;
			defaultConfigurationName = Release;
		};
/* End XCConfigurationList section */

/* Begin XCVersionGroup section */
		844EA0201C2DAF0F00BB55BB /* Cities_game.xcdatamodeld */ = {
			isa = XCVersionGroup;
			children = (
				844EA0211C2DAF0F00BB55BB /* Cities_game.xcdatamodel */,
			);
			currentVersion = 844EA0211C2DAF0F00BB55BB /* Cities_game.xcdatamodel */;
			path = Cities_game.xcdatamodeld;
			sourceTree = "<group>";
			versionGroupType = wrapper.xcdatamodel;
		};
/* End XCVersionGroup section */
	};
	rootObject = 844EA0091C2DAF0F00BB55BB /* Project object */;
}
